
Microsoft Visual Studio Solution File, Format Version 10.00
# Visual C++ Express 2008
Project("{8BC9CEB8-8B4A-11D0-8D11-00A0C91BC942}") = "Grass", "Grass.vcproj", "{0B8D14CF-9661-459B-86AB-DA382902F229}"
	ProjectSection(ProjectDependencies) = postProject
		{3EB97355-D1CB-4537-9255-2DEBF2777FE1} = {3EB97355-D1CB-4537-9255-2DEBF2777FE1}
	EndProjectSection
EndProject
Project("{8BC9CEB8-8B4A-11D0-8D11-00A0C91BC942}") = "SigmaUtil", "..\..\sigmaosg\SigmaUtil\SigmaUtil_express2008.vcproj", "{3EB97355-D1CB-4537-9255-2DEBF2777FE1}"
EndProject
Project("{8BC9CEB8-8B4A-11D0-8D11-00A0C91BC942}") = "Grass2", "..\Grass2\Grass2.vcproj", "{DB853E4A-735E-436A-9682-12B922FDFE47}"
	ProjectSection(ProjectDependencies) = postProject
		{3EB97355-D1CB-4537-9255-2DEBF2777FE1} = {3EB97355-D1CB-4537-9255-2DEBF2777FE1}
	EndProjectSection
EndProject
Project("{8BC9CEB8-8B4A-11D0-8D11-00A0C91BC942}") = "Grass3", "..\Grass3\Grass3.vcproj", "{15D4618E-20B2-44AD-85C8-90D16E757AC0}"
	ProjectSection(ProjectDependencies) = postProject
		{3EB97355-D1CB-4537-9255-2DEBF2777FE1} = {3EB97355-D1CB-4537-9255-2DEBF2777FE1}
	EndProjectSection
EndProject
Global
	GlobalSection(SolutionConfigurationPlatforms) = preSolution
		Debug|Win32 = Debug|Win32
		Release|Win32 = Release|Win32
	EndGlobalSection
	GlobalSection(ProjectConfigurationPlatforms) = postSolution
		{0B8D14CF-9661-459B-86AB-DA382902F229}.Debug|Win32.ActiveCfg = Debug|Win32
		{0B8D14CF-9661-459B-86AB-DA382902F229}.Debug|Win32.Build.0 = Debug|Win32
		{0B8D14CF-9661-459B-86AB-DA382902F229}.Release|Win32.ActiveCfg = Release|Win32
		{0B8D14CF-9661-459B-86AB-DA382902F229}.Release|Win32.Build.0 = Release|Win32
		{3EB97355-D1CB-4537-9255-2DEBF2777FE1}.Debug|Win32.ActiveCfg = Debug|Win32
		{3EB97355-D1CB-4537-9255-2DEBF2777FE1}.Debug|Win32.Build.0 = Debug|Win32
		{3EB97355-D1CB-4537-9255-2DEBF2777FE1}.Release|Win32.ActiveCfg = Release|Win32
		{3EB97355-D1CB-4537-9255-2DEBF2777FE1}.Release|Win32.Build.0 = Release|Win32
		{DB853E4A-735E-436A-9682-12B922FDFE47}.Debug|Win32.ActiveCfg = Debug|Win32
		{DB853E4A-735E-436A-9682-12B922FDFE47}.Debug|Win32.Build.0 = Debug|Win32
		{DB853E4A-735E-436A-9682-12B922FDFE47}.Release|Win32.ActiveCfg = Release|Win32
		{DB853E4A-735E-436A-9682-12B922FDFE47}.Release|Win32.Build.0 = Release|Win32
		{15D4618E-20B2-44AD-85C8-90D16E757AC0}.Debug|Win32.ActiveCfg = Debug|Win32
		{15D4618E-20B2-44AD-85C8-90D16E757AC0}.Debug|Win32.Build.0 = Debug|Win32
		{15D4618E-20B2-44AD-85C8-90D16E757AC0}.Release|Win32.ActiveCfg = Release|Win32
		{15D4618E-20B2-44AD-85C8-90D16E757AC0}.Release|Win32.Build.0 = Release|Win32
	EndGlobalSection
	GlobalSection(SolutionProperties) = preSolution
		HideSolutionNode = FALSE
	EndGlobalSection
EndGlobal
