
Microsoft Visual Studio Solution File, Format Version 10.00
# Visual C++ Express 2008
Project("{8BC9CEB8-8B4A-11D0-8D11-00A0C91BC942}") = "Console", "Console.vcproj", "{3D0F9B68-74A5-4814-A7E8-77AEC3CE4479}"
EndProject
Global
	GlobalSection(SolutionConfigurationPlatforms) = preSolution
		Debug|Win32 = Debug|Win32
		Release|Win32 = Release|Win32
	EndGlobalSection
	GlobalSection(ProjectConfigurationPlatforms) = postSolution
		{3D0F9B68-74A5-4814-A7E8-77AEC3CE4479}.Debug|Win32.ActiveCfg = Debug|Win32
		{3D0F9B68-74A5-4814-A7E8-77AEC3CE4479}.Debug|Win32.Build.0 = Debug|Win32
		{3D0F9B68-74A5-4814-A7E8-77AEC3CE4479}.Release|Win32.ActiveCfg = Release|Win32
		{3D0F9B68-74A5-4814-A7E8-77AEC3CE4479}.Release|Win32.Build.0 = Release|Win32
	EndGlobalSection
	GlobalSection(SolutionProperties) = preSolution
		HideSolutionNode = FALSE
	EndGlobalSection
EndGlobal
