
Microsoft Visual Studio Solution File, Format Version 10.00
# Visual C++ Express 2008
Project("{8BC9CEB8-8B4A-11D0-8D11-00A0C91BC942}") = "GeographicLocationFromOpenFlight", "GeographicLocationFromOpenFlight.vcproj", "{407474C1-6025-4387-A0F6-5CDC1301FA29}"
EndProject
Global
	GlobalSection(SolutionConfigurationPlatforms) = preSolution
		Debug|Win32 = Debug|Win32
		Release|Win32 = Release|Win32
	EndGlobalSection
	GlobalSection(ProjectConfigurationPlatforms) = postSolution
		{407474C1-6025-4387-A0F6-5CDC1301FA29}.Debug|Win32.ActiveCfg = Debug|Win32
		{407474C1-6025-4387-A0F6-5CDC1301FA29}.Debug|Win32.Build.0 = Debug|Win32
		{407474C1-6025-4387-A0F6-5CDC1301FA29}.Release|Win32.ActiveCfg = Release|Win32
		{407474C1-6025-4387-A0F6-5CDC1301FA29}.Release|Win32.Build.0 = Release|Win32
	EndGlobalSection
	GlobalSection(SolutionProperties) = preSolution
		HideSolutionNode = FALSE
	EndGlobalSection
EndGlobal
