
Microsoft Visual Studio Solution File, Format Version 10.00
# Visual C++ Express 2008
Project("{8BC9CEB8-8B4A-11D0-8D11-00A0C91BC942}") = "CullCallback", "CullCallback.vcproj", "{E5979CC8-4989-4400-BC18-6BF9B2D0AD63}"
EndProject
Global
	GlobalSection(SolutionConfigurationPlatforms) = preSolution
		Debug|Win32 = Debug|Win32
		Release|Win32 = Release|Win32
	EndGlobalSection
	GlobalSection(ProjectConfigurationPlatforms) = postSolution
		{E5979CC8-4989-4400-BC18-6BF9B2D0AD63}.Debug|Win32.ActiveCfg = Debug|Win32
		{E5979CC8-4989-4400-BC18-6BF9B2D0AD63}.Debug|Win32.Build.0 = Debug|Win32
		{E5979CC8-4989-4400-BC18-6BF9B2D0AD63}.Release|Win32.ActiveCfg = Release|Win32
		{E5979CC8-4989-4400-BC18-6BF9B2D0AD63}.Release|Win32.Build.0 = Release|Win32
	EndGlobalSection
	GlobalSection(SolutionProperties) = preSolution
		HideSolutionNode = FALSE
	EndGlobalSection
EndGlobal
