
Microsoft Visual Studio Solution File, Format Version 10.00
# Visual C++ Express 2008
Project("{8BC9CEB8-8B4A-11D0-8D11-00A0C91BC942}") = "AntialiasedLines", "AntialiasedLines.vcproj", "{581BA1FB-D993-4F01-AA4B-FAC70929849D}"
EndProject
Global
	GlobalSection(SolutionConfigurationPlatforms) = preSolution
		Debug|Win32 = Debug|Win32
		Release|Win32 = Release|Win32
	EndGlobalSection
	GlobalSection(ProjectConfigurationPlatforms) = postSolution
		{581BA1FB-D993-4F01-AA4B-FAC70929849D}.Debug|Win32.ActiveCfg = Debug|Win32
		{581BA1FB-D993-4F01-AA4B-FAC70929849D}.Debug|Win32.Build.0 = Debug|Win32
		{581BA1FB-D993-4F01-AA4B-FAC70929849D}.Release|Win32.ActiveCfg = Release|Win32
		{581BA1FB-D993-4F01-AA4B-FAC70929849D}.Release|Win32.Build.0 = Release|Win32
	EndGlobalSection
	GlobalSection(SolutionProperties) = preSolution
		HideSolutionNode = FALSE
	EndGlobalSection
EndGlobal
