<?xml version="1.0" encoding="utf-8"?>
<Project ToolsVersion="4.0" xmlns="http://schemas.microsoft.com/developer/msbuild/2003">
  <ItemGroup>
    <Filter Include="Source Files">
      <UniqueIdentifier>{4FC737F1-C7A5-4376-A066-2A32D752A2FF}</UniqueIdentifier>
      <Extensions>cpp;c;cc;cxx;def;odl;idl;hpj;bat;asm;asmx</Extensions>
    </Filter>
    <Filter Include="Source Files\particles">
      <UniqueIdentifier>{d88a2b4c-59d2-42f6-aa95-153f8fbcc307}</UniqueIdentifier>
    </Filter>
    <Filter Include="Source Files\particles\flying debris">
      <UniqueIdentifier>{a13a5504-5cab-4e8d-bd97-c8539d0df540}</UniqueIdentifier>
    </Filter>
    <Filter Include="Source Files\particles\standard">
      <UniqueIdentifier>{368ffe7c-897c-4c83-968b-96b586828ca7}</UniqueIdentifier>
    </Filter>
  </ItemGroup>
  <ItemGroup>
    <ClInclude Include="stdafx.h">
      <Filter>Source Files</Filter>
    </ClInclude>
    <ClInclude Include="targetver.h">
      <Filter>Source Files</Filter>
    </ClInclude>
    <ClInclude Include="propertySheet.h">
      <Filter>Source Files</Filter>
    </ClInclude>
    <ClInclude Include="particleBase.h">
      <Filter>Source Files\particles</Filter>
    </ClInclude>
    <ClInclude Include="particleFlyingDebris.h">
      <Filter>Source Files\particles\flying debris</Filter>
    </ClInclude>
    <ClInclude Include="ParticleDebrisSystem.h">
      <Filter>Source Files\particles\flying debris</Filter>
    </ClInclude>
    <ClInclude Include="ParticleDebris.h">
      <Filter>Source Files\particles\flying debris</Filter>
    </ClInclude>
    <ClInclude Include="particleStandard.h">
      <Filter>Source Files\particles\standard</Filter>
    </ClInclude>
  </ItemGroup>
  <ItemGroup>
    <ClCompile Include="stdafx.cpp">
      <Filter>Source Files</Filter>
    </ClCompile>
    <ClCompile Include="Explosion.cpp">
      <Filter>Source Files</Filter>
    </ClCompile>
    <ClCompile Include="propertySheet.cpp">
      <Filter>Source Files</Filter>
    </ClCompile>
    <ClCompile Include="particleBase.cpp">
      <Filter>Source Files\particles</Filter>
    </ClCompile>
    <ClCompile Include="particleFlyingDebris.cpp">
      <Filter>Source Files\particles\flying debris</Filter>
    </ClCompile>
    <ClCompile Include="ParticleDebris.cpp">
      <Filter>Source Files\particles\flying debris</Filter>
    </ClCompile>
    <ClCompile Include="ParticleDebrisSystem.cpp">
      <Filter>Source Files\particles\flying debris</Filter>
    </ClCompile>
    <ClCompile Include="particleStandard.cpp">
      <Filter>Source Files\particles\standard</Filter>
    </ClCompile>
  </ItemGroup>
</Project>