
Microsoft Visual Studio Solution File, Format Version 10.00
# Visual C++ Express 2008
Project("{8BC9CEB8-8B4A-11D0-8D11-00A0C91BC942}") = "SavingSceneToDisk", "SavingSceneToDisk.vcproj", "{C3DFA3E6-59EF-49B8-81D0-CF2D86C40742}"
EndProject
Global
	GlobalSection(SolutionConfigurationPlatforms) = preSolution
		Debug|Win32 = Debug|Win32
		Release|Win32 = Release|Win32
	EndGlobalSection
	GlobalSection(ProjectConfigurationPlatforms) = postSolution
		{C3DFA3E6-59EF-49B8-81D0-CF2D86C40742}.Debug|Win32.ActiveCfg = Debug|Win32
		{C3DFA3E6-59EF-49B8-81D0-CF2D86C40742}.Debug|Win32.Build.0 = Debug|Win32
		{C3DFA3E6-59EF-49B8-81D0-CF2D86C40742}.Release|Win32.ActiveCfg = Release|Win32
		{C3DFA3E6-59EF-49B8-81D0-CF2D86C40742}.Release|Win32.Build.0 = Release|Win32
	EndGlobalSection
	GlobalSection(SolutionProperties) = preSolution
		HideSolutionNode = FALSE
	EndGlobalSection
EndGlobal
