
Microsoft Visual Studio Solution File, Format Version 10.00
# Visual C++ Express 2008
Project("{8BC9CEB8-8B4A-11D0-8D11-00A0C91BC942}") = "TextPartI", "TextPartI.vcproj", "{8CF8B666-3C2F-4F8A-8179-B1B0A3608F1D}"
EndProject
Global
	GlobalSection(SolutionConfigurationPlatforms) = preSolution
		Debug|Win32 = Debug|Win32
		Release|Win32 = Release|Win32
	EndGlobalSection
	GlobalSection(ProjectConfigurationPlatforms) = postSolution
		{8CF8B666-3C2F-4F8A-8179-B1B0A3608F1D}.Debug|Win32.ActiveCfg = Debug|Win32
		{8CF8B666-3C2F-4F8A-8179-B1B0A3608F1D}.Debug|Win32.Build.0 = Debug|Win32
		{8CF8B666-3C2F-4F8A-8179-B1B0A3608F1D}.Release|Win32.ActiveCfg = Release|Win32
		{8CF8B666-3C2F-4F8A-8179-B1B0A3608F1D}.Release|Win32.Build.0 = Release|Win32
	EndGlobalSection
	GlobalSection(SolutionProperties) = preSolution
		HideSolutionNode = FALSE
	EndGlobalSection
EndGlobal
